hash: f2a9c5629529f5d98e66d242a42167dea7b984b264842aedb7eb144633a4bd53
updated: 2017-01-12T21:54:20.346338188+08:00
imports:
- name: github.com/Sirupsen/logrus
  version: 800b0fc4a6cbf28a01d026ab54d6dec7050282fa
- name: github.com/streadway/amqp
  version: 63795daa9a446c920826655f26ba31c81c860fd6
- name: golang.org/x/sys
  version: d75a52659825e75fff6158388dddc6a5b04f9ba5
  subpackages:
  - unix
testImports: []
